// !$*UTF8*$!
{
	archiveVersion = 1;
	classes = {
	};
	objectVersion = 51;
	objects = {

/* Begin PBXBuildFile section */
		46F261040A8536C59E7C359C /* Pods_SocialComponents.framework in Frameworks */ = {isa = PBXBuildFile; fileRef = 26C131DD12B9AC888CDEB2E7 /* Pods_SocialComponents.framework */; };
		FD9029FE2595181800077874 /* SocialComponentsApp.swift in Sources */ = {isa = PBXBuildFile; fileRef = FD9029FD2595181800077874 /* SocialComponentsApp.swift */; };
		FD902A002595181800077874 /* ContentView.swift in Sources */ = {isa = PBXBuildFile; fileRef = FD9029FF2595181800077874 /* ContentView.swift */; };
		FD902A022595181800077874 /* Assets.xcassets in Resources */ = {isa = PBXBuildFile; fileRef = FD902A012595181800077874 /* Assets.xcassets */; };
		FD902A052595181800077874 /* Preview Assets.xcassets in Resources */ = {isa = PBXBuildFile; fileRef = FD902A042595181800077874 /* Preview Assets.xcassets */; };
		FD902A1425951A7100077874 /* DynamicListView.swift in Sources */ = {isa = PBXBuildFile; fileRef = FD902A1325951A7100077874 /* DynamicListView.swift */; };
		FD902A1725951F0600077874 /* UserModel.swift in Sources */ = {isa = PBXBuildFile; fileRef = FD902A1625951F0600077874 /* UserModel.swift */; };
		FDF0133E25995249003384A6 /* LoginView.swift in Sources */ = {isa = PBXBuildFile; fileRef = FDF0133D25995249003384A6 /* LoginView.swift */; };
		FDF0134225996195003384A6 /* RegisterView.swift in Sources */ = {isa = PBXBuildFile; fileRef = FDF0134125996195003384A6 /* RegisterView.swift */; };
		FDF10B5E25994BB400FBA011 /* GoogleService-Info.plist in Resources */ = {isa = PBXBuildFile; fileRef = FDF10B5D25994BB400FBA011 /* GoogleService-Info.plist */; };
/* End PBXBuildFile section */

/* Begin PBXFileReference section */
		26C131DD12B9AC888CDEB2E7 /* Pods_SocialComponents.framework */ = {isa = PBXFileReference; explicitFileType = wrapper.framework; includeInIndex = 0; path = Pods_SocialComponents.framework; sourceTree = BUILT_PRODUCTS_DIR; };
		3E7E46384B3953831959184F /* Pods-SocialComponents.release.xcconfig */ = {isa = PBXFileReference; includeInIndex = 1; lastKnownFileType = text.xcconfig; name = "Pods-SocialComponents.release.xcconfig"; path = "Target Support Files/Pods-SocialComponents/Pods-SocialComponents.release.xcconfig"; sourceTree = "<group>"; };
		41FC14FCCD53F7FAA9B8E09F /* Pods-SocialComponents.debug.xcconfig */ = {isa = PBXFileReference; includeInIndex = 1; lastKnownFileType = text.xcconfig; name = "Pods-SocialComponents.debug.xcconfig"; path = "Target Support Files/Pods-SocialComponents/Pods-SocialComponents.debug.xcconfig"; sourceTree = "<group>"; };
		FD9029FA2595181800077874 /* SocialComponents.app */ = {isa = PBXFileReference; explicitFileType = wrapper.application; includeInIndex = 0; path = SocialComponents.app; sourceTree = BUILT_PRODUCTS_DIR; };
		FD9029FD2595181800077874 /* SocialComponentsApp.swift */ = {isa = PBXFileReference; lastKnownFileType = sourcecode.swift; path = SocialComponentsApp.swift; sourceTree = "<group>"; };
		FD9029FF2595181800077874 /* ContentView.swift */ = {isa = PBXFileReference; lastKnownFileType = sourcecode.swift; path = ContentView.swift; sourceTree = "<group>"; };
		FD902A012595181800077874 /* Assets.xcassets */ = {isa = PBXFileReference; lastKnownFileType = folder.assetcatalog; path = Assets.xcassets; sourceTree = "<group>"; };
		FD902A042595181800077874 /* Preview Assets.xcassets */ = {isa = PBXFileReference; lastKnownFileType = folder.assetcatalog; path = "Preview Assets.xcassets"; sourceTree = "<group>"; };
		FD902A062595181800077874 /* Info.plist */ = {isa = PBXFileReference; lastKnownFileType = text.plist.xml; path = Info.plist; sourceTree = "<group>"; };
		FD902A1325951A7100077874 /* DynamicListView.swift */ = {isa = PBXFileReference; lastKnownFileType = sourcecode.swift; path = DynamicListView.swift; sourceTree = "<group>"; };
		FD902A1625951F0600077874 /* UserModel.swift */ = {isa = PBXFileReference; lastKnownFileType = sourcecode.swift; path = UserModel.swift; sourceTree = "<group>"; };
		FDF0133D25995249003384A6 /* LoginView.swift */ = {isa = PBXFileReference; lastKnownFileType = sourcecode.swift; path = LoginView.swift; sourceTree = "<group>"; };
		FDF0134125996195003384A6 /* RegisterView.swift */ = {isa = PBXFileReference; lastKnownFileType = sourcecode.swift; path = RegisterView.swift; sourceTree = "<group>"; };
		FDF10B5D25994BB400FBA011 /* GoogleService-Info.plist */ = {isa = PBXFileReference; fileEncoding = 4; lastKnownFileType = text.plist.xml; path = "GoogleService-Info.plist"; sourceTree = "<group>"; };
/* End PBXFileReference section */

/* Begin PBXFrameworksBuildPhase section */
		FD9029F72595181800077874 /* Frameworks */ = {
			isa = PBXFrameworksBuildPhase;
			buildActionMask = 2147483647;
			files = (
				46F261040A8536C59E7C359C /* Pods_SocialComponents.framework in Frameworks */,
			);
			runOnlyForDeploymentPostprocessing = 0;
		};
/* End PBXFrameworksBuildPhase section */

/* Begin PBXGroup section */
		16984175D2319457F3A535A5 /* Pods */ = {
			isa = PBXGroup;
			children = (
				41FC14FCCD53F7FAA9B8E09F /* Pods-SocialComponents.debug.xcconfig */,
				3E7E46384B3953831959184F /* Pods-SocialComponents.release.xcconfig */,
			);
			path = Pods;
			sourceTree = "<group>";
		};
		DED760557B143B9013806BCD /* Frameworks */ = {
			isa = PBXGroup;
			children = (
				26C131DD12B9AC888CDEB2E7 /* Pods_SocialComponents.framework */,
			);
			name = Frameworks;
			sourceTree = "<group>";
		};
		FD9029F12595181800077874 = {
			isa = PBXGroup;
			children = (
				FD9029FC2595181800077874 /* SocialComponents */,
				FD9029FB2595181800077874 /* Products */,
				16984175D2319457F3A535A5 /* Pods */,
				DED760557B143B9013806BCD /* Frameworks */,
			);
			sourceTree = "<group>";
		};
		FD9029FB2595181800077874 /* Products */ = {
			isa = PBXGroup;
			children = (
				FD9029FA2595181800077874 /* SocialComponents.app */,
			);
			name = Products;
			sourceTree = "<group>";
		};
		FD9029FC2595181800077874 /* SocialComponents */ = {
			isa = PBXGroup;
			children = (
				FDF10B5D25994BB400FBA011 /* GoogleService-Info.plist */,
				FD902A112595184900077874 /* Utilities */,
				FD902A102595183E00077874 /* ViewModels */,
				FD902A0F2595183400077874 /* Models */,
				FD902A0E2595182C00077874 /* Views */,
				FD902A0D2595182300077874 /* App */,
				FD902A012595181800077874 /* Assets.xcassets */,
				FD902A032595181800077874 /* Preview Content */,
			);
			path = SocialComponents;
			sourceTree = "<group>";
		};
		FD902A032595181800077874 /* Preview Content */ = {
			isa = PBXGroup;
			children = (
				FD902A042595181800077874 /* Preview Assets.xcassets */,
			);
			path = "Preview Content";
			sourceTree = "<group>";
		};
		FD902A0D2595182300077874 /* App */ = {
			isa = PBXGroup;
			children = (
				FD9029FD2595181800077874 /* SocialComponentsApp.swift */,
				FD9029FF2595181800077874 /* ContentView.swift */,
			);
			path = App;
			sourceTree = "<group>";
		};
		FD902A0E2595182C00077874 /* Views */ = {
			isa = PBXGroup;
			children = (
				FDF0133C25995220003384A6 /* Reg-Login */,
				FD902A1325951A7100077874 /* DynamicListView.swift */,
			);
			path = Views;
			sourceTree = "<group>";
		};
		FD902A0F2595183400077874 /* Models */ = {
			isa = PBXGroup;
			children = (
				FD902A1625951F0600077874 /* UserModel.swift */,
			);
			path = Models;
			sourceTree = "<group>";
		};
		FD902A102595183E00077874 /* ViewModels */ = {
			isa = PBXGroup;
			children = (
			);
			path = ViewModels;
			sourceTree = "<group>";
		};
		FD902A112595184900077874 /* Utilities */ = {
			isa = PBXGroup;
			children = (
				FD902A062595181800077874 /* Info.plist */,
			);
			path = Utilities;
			sourceTree = "<group>";
		};
		FDF0133C25995220003384A6 /* Reg-Login */ = {
			isa = PBXGroup;
			children = (
				FDF0133D25995249003384A6 /* LoginView.swift */,
				FDF0134125996195003384A6 /* RegisterView.swift */,
			);
			path = "Reg-Login";
			sourceTree = "<group>";
		};
/* End PBXGroup section */

/* Begin PBXNativeTarget section */
		FD9029F92595181800077874 /* SocialComponents */ = {
			isa = PBXNativeTarget;
			buildConfigurationList = FD902A092595181800077874 /* Build configuration list for PBXNativeTarget "SocialComponents" */;
			buildPhases = (
				812D391F03DACE6D811BA20F /* [CP] Check Pods Manifest.lock */,
				FD9029F62595181800077874 /* Sources */,
				FD9029F72595181800077874 /* Frameworks */,
				FD9029F82595181800077874 /* Resources */,
				ACEB2462A81FE0C0FEA09759 /* [CP] Embed Pods Frameworks */,
			);
			buildRules = (
			);
			dependencies = (
			);
			name = SocialComponents;
			productName = SocialComponents;
			productReference = FD9029FA2595181800077874 /* SocialComponents.app */;
			productType = "com.apple.product-type.application";
		};
/* End PBXNativeTarget section */

/* Begin PBXProject section */
		FD9029F22595181800077874 /* Project object */ = {
			isa = PBXProject;
			attributes = {
				LastSwiftUpdateCheck = 1230;
				LastUpgradeCheck = 1230;
				TargetAttributes = {
					FD9029F92595181800077874 = {
						CreatedOnToolsVersion = 12.3;
					};
				};
			};
			buildConfigurationList = FD9029F52595181800077874 /* Build configuration list for PBXProject "SocialComponents" */;
			compatibilityVersion = "Xcode 9.3";
			developmentRegion = en;
			hasScannedForEncodings = 0;
			knownRegions = (
				en,
				Base,
			);
			mainGroup = FD9029F12595181800077874;
			productRefGroup = FD9029FB2595181800077874 /* Products */;
			projectDirPath = "";
			projectRoot = "";
			targets = (
				FD9029F92595181800077874 /* SocialComponents */,
			);
		};
/* End PBXProject section */

/* Begin PBXResourcesBuildPhase section */
		FD9029F82595181800077874 /* Resources */ = {
			isa = PBXResourcesBuildPhase;
			buildActionMask = 2147483647;
			files = (
				FD902A052595181800077874 /* Preview Assets.xcassets in Resources */,
				FD902A022595181800077874 /* Assets.xcassets in Resources */,
				FDF10B5E25994BB400FBA011 /* GoogleService-Info.plist in Resources */,
			);
			runOnlyForDeploymentPostprocessing = 0;
		};
/* End PBXResourcesBuildPhase section */

/* Begin PBXShellScriptBuildPhase section */
		812D391F03DACE6D811BA20F /* [CP] Check Pods Manifest.lock */ = {
			isa = PBXShellScriptBuildPhase;
			buildActionMask = 2147483647;
			files = (
			);
			inputFileListPaths = (
			);
			inputPaths = (
				"${PODS_PODFILE_DIR_PATH}/Podfile.lock",
				"${PODS_ROOT}/Manifest.lock",
			);
			name = "[CP] Check Pods Manifest.lock";
			outputFileListPaths = (
			);
			outputPaths = (
				"$(DERIVED_FILE_DIR)/Pods-SocialComponents-checkManifestLockResult.txt",
			);
			runOnlyForDeploymentPostprocessing = 0;
			shellPath = /bin/sh;
			shellScript = "diff \"${PODS_PODFILE_DIR_PATH}/Podfile.lock\" \"${PODS_ROOT}/Manifest.lock\" > /dev/null\nif [ $? != 0 ] ; then\n    # print error to STDERR\n    echo \"error: The sandbox is not in sync with the Podfile.lock. Run 'pod install' or update your CocoaPods installation.\" >&2\n    exit 1\nfi\n# This output is used by Xcode 'outputs' to avoid re-running this script phase.\necho \"SUCCESS\" > \"${SCRIPT_OUTPUT_FILE_0}\"\n";
			showEnvVarsInLog = 0;
		};
		ACEB2462A81FE0C0FEA09759 /* [CP] Embed Pods Frameworks */ = {
			isa = PBXShellScriptBuildPhase;
			buildActionMask = 2147483647;
			files = (
			);
			inputFileListPaths = (
				"${PODS_ROOT}/Target Support Files/Pods-SocialComponents/Pods-SocialComponents-frameworks-${CONFIGURATION}-input-files.xcfilelist",
			);
			name = "[CP] Embed Pods Frameworks";
			outputFileListPaths = (
				"${PODS_ROOT}/Target Support Files/Pods-SocialComponents/Pods-SocialComponents-frameworks-${CONFIGURATION}-output-files.xcfilelist",
			);
			runOnlyForDeploymentPostprocessing = 0;
			shellPath = /bin/sh;
			shellScript = "\"${PODS_ROOT}/Target Support Files/Pods-SocialComponents/Pods-SocialComponents-frameworks.sh\"\n";
			showEnvVarsInLog = 0;
		};
/* End PBXShellScriptBuildPhase section */

/* Begin PBXSourcesBuildPhase section */
		FD9029F62595181800077874 /* Sources */ = {
			isa = PBXSourcesBuildPhase;
			buildActionMask = 2147483647;
			files = (
				FD902A002595181800077874 /* ContentView.swift in Sources */,
				FD9029FE2595181800077874 /* SocialComponentsApp.swift in Sources */,
				FD902A1725951F0600077874 /* UserModel.swift in Sources */,
				FDF0134225996195003384A6 /* RegisterView.swift in Sources */,
				FDF0133E25995249003384A6 /* LoginView.swift in Sources */,
				FD902A1425951A7100077874 /* DynamicListView.swift in Sources */,
			);
			runOnlyForDeploymentPostprocessing = 0;
		};
/* End PBXSourcesBuildPhase section */

/* Begin XCBuildConfiguration section */
		FD902A072595181800077874 /* Debug */ = {
			isa = XCBuildConfiguration;
			buildSettings = {
				ALWAYS_SEARCH_USER_PATHS = NO;
				CLANG_ANALYZER_NONNULL = YES;
				CLANG_ANALYZER_NUMBER_OBJECT_CONVERSION = YES_AGGRESSIVE;
				CLANG_CXX_LANGUAGE_STANDARD = "gnu++14";
				CLANG_CXX_LIBRARY = "libc++";
				CLANG_ENABLE_MODULES = YES;
				CLANG_ENABLE_OBJC_ARC = YES;
				CLANG_ENABLE_OBJC_WEAK = YES;
				CLANG_WARN_BLOCK_CAPTURE_AUTORELEASING = YES;
				CLANG_WARN_BOOL_CONVERSION = YES;
				CLANG_WARN_COMMA = YES;
				CLANG_WARN_CONSTANT_CONVERSION = YES;
				CLANG_WARN_DEPRECATED_OBJC_IMPLEMENTATIONS = YES;
				CLANG_WARN_DIRECT_OBJC_ISA_USAGE = YES_ERROR;
				CLANG_WARN_DOCUMENTATION_COMMENTS = YES;
				CLANG_WARN_EMPTY_BODY = YES;
				CLANG_WARN_ENUM_CONVERSION = YES;
				CLANG_WARN_INFINITE_RECURSION = YES;
				CLANG_WARN_INT_CONVERSION = YES;
				CLANG_WARN_NON_LITERAL_NULL_CONVERSION = YES;
				CLANG_WARN_OBJC_IMPLICIT_RETAIN_SELF = YES;
				CLANG_WARN_OBJC_LITERAL_CONVERSION = YES;
				CLANG_WARN_OBJC_ROOT_CLASS = YES_ERROR;
				CLANG_WARN_QUOTED_INCLUDE_IN_FRAMEWORK_HEADER = YES;
				CLANG_WARN_RANGE_LOOP_ANALYSIS = YES;
				CLANG_WARN_STRICT_PROTOTYPES = YES;
				CLANG_WARN_SUSPICIOUS_MOVE = YES;
				CLANG_WARN_UNGUARDED_AVAILABILITY = YES_AGGRESSIVE;
				CLANG_WARN_UNREACHABLE_CODE = YES;
				CLANG_WARN__DUPLICATE_METHOD_MATCH = YES;
				COPY_PHASE_STRIP = NO;
				DEBUG_INFORMATION_FORMAT = dwarf;
				ENABLE_STRICT_OBJC_MSGSEND = YES;
				ENABLE_TESTABILITY = YES;
				GCC_C_LANGUAGE_STANDARD = gnu11;
				GCC_DYNAMIC_NO_PIC = NO;
				GCC_NO_COMMON_BLOCKS = YES;
				GCC_OPTIMIZATION_LEVEL = 0;
				GCC_PREPROCESSOR_DEFINITIONS = (
					"DEBUG=1",
					"$(inherited)",
				);
				GCC_WARN_64_TO_32_BIT_CONVERSION = YES;
				GCC_WARN_ABOUT_RETURN_TYPE = YES_ERROR;
				GCC_WARN_UNDECLARED_SELECTOR = YES;
				GCC_WARN_UNINITIALIZED_AUTOS = YES_AGGRESSIVE;
				GCC_WARN_UNUSED_FUNCTION = YES;
				GCC_WARN_UNUSED_VARIABLE = YES;
				IPHONEOS_DEPLOYMENT_TARGET = 14.3;
				MTL_ENABLE_DEBUG_INFO = INCLUDE_SOURCE;
				MTL_FAST_MATH = YES;
				ONLY_ACTIVE_ARCH = YES;
				SDKROOT = iphoneos;
				SWIFT_ACTIVE_COMPILATION_CONDITIONS = DEBUG;
				SWIFT_OPTIMIZATION_LEVEL = "-Onone";
			};
			name = Debug;
		};
		FD902A082595181800077874 /* Release */ = {
			isa = XCBuildConfiguration;
			buildSettings = {
				ALWAYS_SEARCH_USER_PATHS = NO;
				CLANG_ANALYZER_NONNULL = YES;
				CLANG_ANALYZER_NUMBER_OBJECT_CONVERSION = YES_AGGRESSIVE;
				CLANG_CXX_LANGUAGE_STANDARD = "gnu++14";
				CLANG_CXX_LIBRARY = "libc++";
				CLANG_ENABLE_MODULES = YES;
				CLANG_ENABLE_OBJC_ARC = YES;
				CLANG_ENABLE_OBJC_WEAK = YES;
				CLANG_WARN_BLOCK_CAPTURE_AUTORELEASING = YES;
				CLANG_WARN_BOOL_CONVERSION = YES;
				CLANG_WARN_COMMA = YES;
				CLANG_WARN_CONSTANT_CONVERSION = YES;
				CLANG_WARN_DEPRECATED_OBJC_IMPLEMENTATIONS = YES;
				CLANG_WARN_DIRECT_OBJC_ISA_USAGE = YES_ERROR;
				CLANG_WARN_DOCUMENTATION_COMMENTS = YES;
				CLANG_WARN_EMPTY_BODY = YES;
				CLANG_WARN_ENUM_CONVERSION = YES;
				CLANG_WARN_INFINITE_RECURSION = YES;
				CLANG_WARN_INT_CONVERSION = YES;
				CLANG_WARN_NON_LITERAL_NULL_CONVERSION = YES;
				CLANG_WARN_OBJC_IMPLICIT_RETAIN_SELF = YES;
				CLANG_WARN_OBJC_LITERAL_CONVERSION = YES;
				CLANG_WARN_OBJC_ROOT_CLASS = YES_ERROR;
				CLANG_WARN_QUOTED_INCLUDE_IN_FRAMEWORK_HEADER = YES;
				CLANG_WARN_RANGE_LOOP_ANALYSIS = YES;
				CLANG_WARN_STRICT_PROTOTYPES = YES;
				CLANG_WARN_SUSPICIOUS_MOVE = YES;
				CLANG_WARN_UNGUARDED_AVAILABILITY = YES_AGGRESSIVE;
				CLANG_WARN_UNREACHABLE_CODE = YES;
				CLANG_WARN__DUPLICATE_METHOD_MATCH = YES;
				COPY_PHASE_STRIP = NO;
				DEBUG_INFORMATION_FORMAT = "dwarf-with-dsym";
				ENABLE_NS_ASSERTIONS = NO;
				ENABLE_STRICT_OBJC_MSGSEND = YES;
				GCC_C_LANGUAGE_STANDARD = gnu11;
				GCC_NO_COMMON_BLOCKS = YES;
				GCC_WARN_64_TO_32_BIT_CONVERSION = YES;
				GCC_WARN_ABOUT_RETURN_TYPE = YES_ERROR;
				GCC_WARN_UNDECLARED_SELECTOR = YES;
				GCC_WARN_UNINITIALIZED_AUTOS = YES_AGGRESSIVE;
				GCC_WARN_UNUSED_FUNCTION = YES;
				GCC_WARN_UNUSED_VARIABLE = YES;
				IPHONEOS_DEPLOYMENT_TARGET = 14.3;
				MTL_ENABLE_DEBUG_INFO = NO;
				MTL_FAST_MATH = YES;
				SDKROOT = iphoneos;
				SWIFT_COMPILATION_MODE = wholemodule;
				SWIFT_OPTIMIZATION_LEVEL = "-O";
				VALIDATE_PRODUCT = YES;
			};
			name = Release;
		};
		FD902A0A2595181800077874 /* Debug */ = {
			isa = XCBuildConfiguration;
			baseConfigurationReference = 41FC14FCCD53F7FAA9B8E09F /* Pods-SocialComponents.debug.xcconfig */;
			buildSettings = {
				ASSETCATALOG_COMPILER_APPICON_NAME = AppIcon;
				ASSETCATALOG_COMPILER_GLOBAL_ACCENT_COLOR_NAME = AccentColor;
				CODE_SIGN_STYLE = Automatic;
				DEVELOPMENT_ASSET_PATHS = "\"SocialComponents/Preview Content\"";
				DEVELOPMENT_TEAM = 772G68LLWQ;
				ENABLE_PREVIEWS = YES;
				INFOPLIST_FILE = SocialComponents/Utilities/Info.plist;
				IPHONEOS_DEPLOYMENT_TARGET = 14.0;
				LD_RUNPATH_SEARCH_PATHS = (
					"$(inherited)",
					"@executable_path/Frameworks",
				);
				PRODUCT_BUNDLE_IDENTIFIER = com.ronniejoubert.SocialComponents;
				PRODUCT_NAME = "$(TARGET_NAME)";
				SWIFT_VERSION = 5.0;
				TARGETED_DEVICE_FAMILY = "1,2";
			};
			name = Debug;
		};
		FD902A0B2595181800077874 /* Release */ = {
			isa = XCBuildConfiguration;
			baseConfigurationReference = 3E7E46384B3953831959184F /* Pods-SocialComponents.release.xcconfig */;
			buildSettings = {
				ASSETCATALOG_COMPILER_APPICON_NAME = AppIcon;
				ASSETCATALOG_COMPILER_GLOBAL_ACCENT_COLOR_NAME = AccentColor;
				CODE_SIGN_STYLE = Automatic;
				DEVELOPMENT_ASSET_PATHS = "\"SocialComponents/Preview Content\"";
				DEVELOPMENT_TEAM = 772G68LLWQ;
				ENABLE_PREVIEWS = YES;
				INFOPLIST_FILE = SocialComponents/Utilities/Info.plist;
				IPHONEOS_DEPLOYMENT_TARGET = 14.0;
				LD_RUNPATH_SEARCH_PATHS = (
					"$(inherited)",
					"@executable_path/Frameworks",
				);
				PRODUCT_BUNDLE_IDENTIFIER = com.ronniejoubert.SocialComponents;
				PRODUCT_NAME = "$(TARGET_NAME)";
				SWIFT_VERSION = 5.0;
				TARGETED_DEVICE_FAMILY = "1,2";
			};
			name = Release;
		};
/* End XCBuildConfiguration section */

/* Begin XCConfigurationList section */
		FD9029F52595181800077874 /* Build configuration list for PBXProject "SocialComponents" */ = {
			isa = XCConfigurationList;
			buildConfigurations = (
				FD902A072595181800077874 /* Debug */,
				FD902A082595181800077874 /* Release */,
			);
			defaultConfigurationIsVisible = 0;
			defaultConfigurationName = Release;
		};
		FD902A092595181800077874 /* Build configuration list for PBXNativeTarget "SocialComponents" */ = {
			isa = XCConfigurationList;
			buildConfigurations = (
				FD902A0A2595181800077874 /* Debug */,
				FD902A0B2595181800077874 /* Release */,
			);
			defaultConfigurationIsVisible = 0;
			defaultConfigurationName = Release;
		};
/* End XCConfigurationList section */
	};
	rootObject = FD9029F22595181800077874 /* Project object */;
}
